
Microsoft Visual Studio Solution File, Format Version 12.00
# Visual Studio Version 17
VisualStudioVersion = 17.8.34525.116
MinimumVisualStudioVersion = 10.0.40219.1
Project("{FAE04EC0-301F-11D3-BF4B-00C04F79EFBC}") = "RandomListe", "RandomListe\RandomListe.csproj", "{9B21639F-1B22-4A97-B50E-B8A329B2251F}"
EndProject
Global
	GlobalSection(SolutionConfigurationPlatforms) = preSolution
		Debug|Any CPU = Debug|Any CPU
		Release|Any CPU = Release|Any CPU
	EndGlobalSection
	GlobalSection(ProjectConfigurationPlatforms) = postSolution
		{9B21639F-1B22-4A97-B50E-B8A329B2251F}.Debug|Any CPU.ActiveCfg = Debug|Any CPU
		{9B21639F-1B22-4A97-B50E-B8A329B2251F}.Debug|Any CPU.Build.0 = Debug|Any CPU
		{9B21639F-1B22-4A97-B50E-B8A329B2251F}.Release|Any CPU.ActiveCfg = Release|Any CPU
		{9B21639F-1B22-4A97-B50E-B8A329B2251F}.Release|Any CPU.Build.0 = Release|Any CPU
	EndGlobalSection
	GlobalSection(SolutionProperties) = preSolution
		HideSolutionNode = FALSE
	EndGlobalSection
	GlobalSection(ExtensibilityGlobals) = postSolution
		SolutionGuid = {D17EA975-1E2A-48FE-8416-128048CF6705}
	EndGlobalSection
EndGlobal
